
Microsoft Visual Studio Solution File, Format Version 10.00
# Visual Studio 2008
Project("{8BC9CEB8-8B4A-11D0-8D11-00A0C91BC942}") = "ImgHistGram", "ImgHistGram\ImgHistGram.vcproj", "{022867AA-0BB7-40DB-8451-EBE0B5A70A77}"
EndProject
Global
	GlobalSection(SolutionConfigurationPlatforms) = preSolution
		Debug|Win32 = Debug|Win32
		Release|Win32 = Release|Win32
	EndGlobalSection
	GlobalSection(ProjectConfigurationPlatforms) = postSolution
		{022867AA-0BB7-40DB-8451-EBE0B5A70A77}.Debug|Win32.ActiveCfg = Debug|Win32
		{022867AA-0BB7-40DB-8451-EBE0B5A70A77}.Debug|Win32.Build.0 = Debug|Win32
		{022867AA-0BB7-40DB-8451-EBE0B5A70A77}.Release|Win32.ActiveCfg = Release|Win32
		{022867AA-0BB7-40DB-8451-EBE0B5A70A77}.Release|Win32.Build.0 = Release|Win32
	EndGlobalSection
	GlobalSection(SolutionProperties) = preSolution
		HideSolutionNode = FALSE
	EndGlobalSection
EndGlobal
